
Microsoft Visual Studio Solution File, Format Version 12.00
# Visual Studio 15
VisualStudioVersion = 15.0.27703.2035
MinimumVisualStudioVersion = 10.0.40219.1
Project("{2150E333-8FDC-42A3-9474-1A3956D46DE8}") = "Core", "Core", "{B5288DF3-2881-46AD-A18C-1EB620BCCFA6}"
EndProject
Project("{2150E333-8FDC-42A3-9474-1A3956D46DE8}") = "Website", "Website", "{EEF5DDF2-3C2C-4C12-A8D5-C73EFC6113E9}"
EndProject
Project("{2150E333-8FDC-42A3-9474-1A3956D46DE8}") = "Clients", "Clients", "{6FB0859C-0BC6-4B1F-A9B0-80F6877590E8}"
EndProject
Project("{2150E333-8FDC-42A3-9474-1A3956D46DE8}") = "Server", "Server", "{99C98EF8-E5BA-4A9B-B338-3BC40806C208}"
EndProject
Project("{2150E333-8FDC-42A3-9474-1A3956D46DE8}") = "Console", "Console", "{B5192EA4-C7BA-4863-A6F5-3566D6F57620}"
EndProject
Project("{9A19103F-16F7-4668-BE54-9A1E7A4F7556}") = "MusicSampleManager.CLI", "Clients\Console\MusicSampleManager.CLI\MusicSampleManager.CLI.csproj", "{3BE9A8C7-BB41-4432-96A6-259C299BEFAB}"
EndProject
Project("{9A19103F-16F7-4668-BE54-9A1E7A4F7556}") = "Clients.Common", "Clients\Clients.Common\Clients.Common.csproj", "{CC6BAA84-9799-4342-89DA-09EDAC97CAA1}"
EndProject
Project("{2150E333-8FDC-42A3-9474-1A3956D46DE8}") = "API", "API", "{D8682B29-79B6-477D-9F2C-330610831867}"
EndProject
Project("{9A19103F-16F7-4668-BE54-9A1E7A4F7556}") = "MusicSampleManager.API", "Server\API\MusicSampleManager.API\MusicSampleManager.API.csproj", "{1B8C2DE6-6F1C-4114-AB4D-6D72B925F25F}"
EndProject
Project("{9A19103F-16F7-4668-BE54-9A1E7A4F7556}") = "APIClient", "Core\APIClient\APIClient.csproj", "{C46BEE88-D626-4834-BB3F-28ABCCFF7672}"
EndProject
Project("{9A19103F-16F7-4668-BE54-9A1E7A4F7556}") = "Domain", "Core\Domain\Domain.csproj", "{D8825A69-F099-4F57-ADC3-84B9AF760F99}"
EndProject
Project("{9A19103F-16F7-4668-BE54-9A1E7A4F7556}") = "PackageDatabase", "Core\PackageDatabase\PackageDatabase.csproj", "{9C10A4F5-1403-40C8-AD64-D6BC2A1E9C79}"
EndProject
Project("{9A19103F-16F7-4668-BE54-9A1E7A4F7556}") = "PackageDatabase.Tests", "Core\PackageDatabase.Tests\PackageDatabase.Tests.csproj", "{9F361BE5-4963-4E49-B823-CFCF89F90806}"
EndProject
Project("{9A19103F-16F7-4668-BE54-9A1E7A4F7556}") = "API.Tests", "Server\API\API.Tests\API.Tests.csproj", "{F04B848D-9A6A-4708-B133-1BC1032BC73A}"
EndProject
Project("{00D1A9C2-B5F0-4AF3-8072-F6C62B433612}") = "Database", "Server\Database\Database.sqlproj", "{CC342870-1777-4401-9A89-15C69DCA2167}"
EndProject
Project("{9A19103F-16F7-4668-BE54-9A1E7A4F7556}") = "DataLayer", "Core\DataLayer\DataLayer.csproj", "{3688112C-DFB9-4B33-BB54-889A1E1BB706}"
EndProject
Project("{9A19103F-16F7-4668-BE54-9A1E7A4F7556}") = "Domain.Tests", "Core\Domain.Tests\Domain.Tests.csproj", "{8BE0D118-152F-4941-A18A-8746029BE7B2}"
EndProject
Project("{FAE04EC0-301F-11D3-BF4B-00C04F79EFBC}") = "APIClient.Tests", "Core\APIClient.Tests\APIClient.Tests.csproj", "{BA412322-9255-4A97-B4E4-0F35B1A3D390}"
EndProject
Global
	GlobalSection(SolutionConfigurationPlatforms) = preSolution
		Debug|Any CPU = Debug|Any CPU
		Release|Any CPU = Release|Any CPU
	EndGlobalSection
	GlobalSection(ProjectConfigurationPlatforms) = postSolution
		{3BE9A8C7-BB41-4432-96A6-259C299BEFAB}.Debug|Any CPU.ActiveCfg = Debug|Any CPU
		{3BE9A8C7-BB41-4432-96A6-259C299BEFAB}.Debug|Any CPU.Build.0 = Debug|Any CPU
		{3BE9A8C7-BB41-4432-96A6-259C299BEFAB}.Release|Any CPU.ActiveCfg = Release|Any CPU
		{3BE9A8C7-BB41-4432-96A6-259C299BEFAB}.Release|Any CPU.Build.0 = Release|Any CPU
		{CC6BAA84-9799-4342-89DA-09EDAC97CAA1}.Debug|Any CPU.ActiveCfg = Debug|Any CPU
		{CC6BAA84-9799-4342-89DA-09EDAC97CAA1}.Debug|Any CPU.Build.0 = Debug|Any CPU
		{CC6BAA84-9799-4342-89DA-09EDAC97CAA1}.Release|Any CPU.ActiveCfg = Release|Any CPU
		{CC6BAA84-9799-4342-89DA-09EDAC97CAA1}.Release|Any CPU.Build.0 = Release|Any CPU
		{1B8C2DE6-6F1C-4114-AB4D-6D72B925F25F}.Debug|Any CPU.ActiveCfg = Debug|Any CPU
		{1B8C2DE6-6F1C-4114-AB4D-6D72B925F25F}.Debug|Any CPU.Build.0 = Debug|Any CPU
		{1B8C2DE6-6F1C-4114-AB4D-6D72B925F25F}.Release|Any CPU.ActiveCfg = Release|Any CPU
		{1B8C2DE6-6F1C-4114-AB4D-6D72B925F25F}.Release|Any CPU.Build.0 = Release|Any CPU
		{C46BEE88-D626-4834-BB3F-28ABCCFF7672}.Debug|Any CPU.ActiveCfg = Debug|Any CPU
		{C46BEE88-D626-4834-BB3F-28ABCCFF7672}.Debug|Any CPU.Build.0 = Debug|Any CPU
		{C46BEE88-D626-4834-BB3F-28ABCCFF7672}.Release|Any CPU.ActiveCfg = Release|Any CPU
		{C46BEE88-D626-4834-BB3F-28ABCCFF7672}.Release|Any CPU.Build.0 = Release|Any CPU
		{D8825A69-F099-4F57-ADC3-84B9AF760F99}.Debug|Any CPU.ActiveCfg = Debug|Any CPU
		{D8825A69-F099-4F57-ADC3-84B9AF760F99}.Debug|Any CPU.Build.0 = Debug|Any CPU
		{D8825A69-F099-4F57-ADC3-84B9AF760F99}.Release|Any CPU.ActiveCfg = Release|Any CPU
		{D8825A69-F099-4F57-ADC3-84B9AF760F99}.Release|Any CPU.Build.0 = Release|Any CPU
		{9C10A4F5-1403-40C8-AD64-D6BC2A1E9C79}.Debug|Any CPU.ActiveCfg = Debug|Any CPU
		{9C10A4F5-1403-40C8-AD64-D6BC2A1E9C79}.Debug|Any CPU.Build.0 = Debug|Any CPU
		{9C10A4F5-1403-40C8-AD64-D6BC2A1E9C79}.Release|Any CPU.ActiveCfg = Release|Any CPU
		{9C10A4F5-1403-40C8-AD64-D6BC2A1E9C79}.Release|Any CPU.Build.0 = Release|Any CPU
		{9F361BE5-4963-4E49-B823-CFCF89F90806}.Debug|Any CPU.ActiveCfg = Debug|Any CPU
		{9F361BE5-4963-4E49-B823-CFCF89F90806}.Debug|Any CPU.Build.0 = Debug|Any CPU
		{9F361BE5-4963-4E49-B823-CFCF89F90806}.Release|Any CPU.ActiveCfg = Release|Any CPU
		{9F361BE5-4963-4E49-B823-CFCF89F90806}.Release|Any CPU.Build.0 = Release|Any CPU
		{F04B848D-9A6A-4708-B133-1BC1032BC73A}.Debug|Any CPU.ActiveCfg = Debug|Any CPU
		{F04B848D-9A6A-4708-B133-1BC1032BC73A}.Debug|Any CPU.Build.0 = Debug|Any CPU
		{F04B848D-9A6A-4708-B133-1BC1032BC73A}.Release|Any CPU.ActiveCfg = Release|Any CPU
		{F04B848D-9A6A-4708-B133-1BC1032BC73A}.Release|Any CPU.Build.0 = Release|Any CPU
		{CC342870-1777-4401-9A89-15C69DCA2167}.Debug|Any CPU.ActiveCfg = Debug|Any CPU
		{CC342870-1777-4401-9A89-15C69DCA2167}.Debug|Any CPU.Build.0 = Debug|Any CPU
		{CC342870-1777-4401-9A89-15C69DCA2167}.Debug|Any CPU.Deploy.0 = Debug|Any CPU
		{CC342870-1777-4401-9A89-15C69DCA2167}.Release|Any CPU.ActiveCfg = Release|Any CPU
		{CC342870-1777-4401-9A89-15C69DCA2167}.Release|Any CPU.Build.0 = Release|Any CPU
		{CC342870-1777-4401-9A89-15C69DCA2167}.Release|Any CPU.Deploy.0 = Release|Any CPU
		{3688112C-DFB9-4B33-BB54-889A1E1BB706}.Debug|Any CPU.ActiveCfg = Debug|Any CPU
		{3688112C-DFB9-4B33-BB54-889A1E1BB706}.Debug|Any CPU.Build.0 = Debug|Any CPU
		{3688112C-DFB9-4B33-BB54-889A1E1BB706}.Release|Any CPU.ActiveCfg = Release|Any CPU
		{3688112C-DFB9-4B33-BB54-889A1E1BB706}.Release|Any CPU.Build.0 = Release|Any CPU
		{8BE0D118-152F-4941-A18A-8746029BE7B2}.Debug|Any CPU.ActiveCfg = Debug|Any CPU
		{8BE0D118-152F-4941-A18A-8746029BE7B2}.Debug|Any CPU.Build.0 = Debug|Any CPU
		{8BE0D118-152F-4941-A18A-8746029BE7B2}.Release|Any CPU.ActiveCfg = Release|Any CPU
		{8BE0D118-152F-4941-A18A-8746029BE7B2}.Release|Any CPU.Build.0 = Release|Any CPU
		{BA412322-9255-4A97-B4E4-0F35B1A3D390}.Debug|Any CPU.ActiveCfg = Debug|Any CPU
		{BA412322-9255-4A97-B4E4-0F35B1A3D390}.Debug|Any CPU.Build.0 = Debug|Any CPU
		{BA412322-9255-4A97-B4E4-0F35B1A3D390}.Release|Any CPU.ActiveCfg = Release|Any CPU
		{BA412322-9255-4A97-B4E4-0F35B1A3D390}.Release|Any CPU.Build.0 = Release|Any CPU
	EndGlobalSection
	GlobalSection(SolutionProperties) = preSolution
		HideSolutionNode = FALSE
	EndGlobalSection
	GlobalSection(NestedProjects) = preSolution
		{B5192EA4-C7BA-4863-A6F5-3566D6F57620} = {6FB0859C-0BC6-4B1F-A9B0-80F6877590E8}
		{3BE9A8C7-BB41-4432-96A6-259C299BEFAB} = {B5192EA4-C7BA-4863-A6F5-3566D6F57620}
		{CC6BAA84-9799-4342-89DA-09EDAC97CAA1} = {6FB0859C-0BC6-4B1F-A9B0-80F6877590E8}
		{D8682B29-79B6-477D-9F2C-330610831867} = {99C98EF8-E5BA-4A9B-B338-3BC40806C208}
		{1B8C2DE6-6F1C-4114-AB4D-6D72B925F25F} = {D8682B29-79B6-477D-9F2C-330610831867}
		{C46BEE88-D626-4834-BB3F-28ABCCFF7672} = {B5288DF3-2881-46AD-A18C-1EB620BCCFA6}
		{D8825A69-F099-4F57-ADC3-84B9AF760F99} = {B5288DF3-2881-46AD-A18C-1EB620BCCFA6}
		{9C10A4F5-1403-40C8-AD64-D6BC2A1E9C79} = {B5288DF3-2881-46AD-A18C-1EB620BCCFA6}
		{9F361BE5-4963-4E49-B823-CFCF89F90806} = {B5288DF3-2881-46AD-A18C-1EB620BCCFA6}
		{F04B848D-9A6A-4708-B133-1BC1032BC73A} = {D8682B29-79B6-477D-9F2C-330610831867}
		{CC342870-1777-4401-9A89-15C69DCA2167} = {99C98EF8-E5BA-4A9B-B338-3BC40806C208}
		{3688112C-DFB9-4B33-BB54-889A1E1BB706} = {B5288DF3-2881-46AD-A18C-1EB620BCCFA6}
		{8BE0D118-152F-4941-A18A-8746029BE7B2} = {B5288DF3-2881-46AD-A18C-1EB620BCCFA6}
		{BA412322-9255-4A97-B4E4-0F35B1A3D390} = {B5288DF3-2881-46AD-A18C-1EB620BCCFA6}
	EndGlobalSection
	GlobalSection(ExtensibilityGlobals) = postSolution
		SolutionGuid = {B97BB62A-0F9D-449B-91A8-A52D9582099A}
	EndGlobalSection
EndGlobal
