
Microsoft Visual Studio Solution File, Format Version 12.00
# Visual Studio Version 16
VisualStudioVersion = 16.0.28407.52
MinimumVisualStudioVersion = 10.0.40219.1
Project("{2150E333-8FDC-42A3-9474-1A3956D46DE8}") = "Core", "Core", "{B5288DF3-2881-46AD-A18C-1EB620BCCFA6}"
EndProject
Project("{2150E333-8FDC-42A3-9474-1A3956D46DE8}") = "Website", "Website", "{EEF5DDF2-3C2C-4C12-A8D5-C73EFC6113E9}"
EndProject
Project("{2150E333-8FDC-42A3-9474-1A3956D46DE8}") = "Clients", "Clients", "{6FB0859C-0BC6-4B1F-A9B0-80F6877590E8}"
EndProject
Project("{2150E333-8FDC-42A3-9474-1A3956D46DE8}") = "Server", "Server", "{99C98EF8-E5BA-4A9B-B338-3BC40806C208}"
EndProject
Project("{2150E333-8FDC-42A3-9474-1A3956D46DE8}") = "Console", "Console", "{B5192EA4-C7BA-4863-A6F5-3566D6F57620}"
EndProject
Project("{9A19103F-16F7-4668-BE54-9A1E7A4F7556}") = "MusicSampleManager.CLI", "Clients\Console\MusicSampleManager.CLI\MusicSampleManager.CLI.csproj", "{3BE9A8C7-BB41-4432-96A6-259C299BEFAB}"
EndProject
Project("{9A19103F-16F7-4668-BE54-9A1E7A4F7556}") = "Clients.Common", "Clients\Clients.Common\Clients.Common.csproj", "{CC6BAA84-9799-4342-89DA-09EDAC97CAA1}"
EndProject
Project("{9A19103F-16F7-4668-BE54-9A1E7A4F7556}") = "Domain", "Core\Domain\Domain.csproj", "{D8825A69-F099-4F57-ADC3-84B9AF760F99}"
EndProject
Project("{9A19103F-16F7-4668-BE54-9A1E7A4F7556}") = "PackageDatabase.Tests", "Core\PackageDatabase.Tests\PackageDatabase.Tests.csproj", "{9F361BE5-4963-4E49-B823-CFCF89F90806}"
EndProject
Project("{9A19103F-16F7-4668-BE54-9A1E7A4F7556}") = "PublicWebsite.Tests", "Server\API\API.Tests\PublicWebsite.Tests.csproj", "{F04B848D-9A6A-4708-B133-1BC1032BC73A}"
EndProject
Project("{00D1A9C2-B5F0-4AF3-8072-F6C62B433612}") = "Database", "Server\Database\Database.sqlproj", "{CC342870-1777-4401-9A89-15C69DCA2167}"
EndProject
Project("{9A19103F-16F7-4668-BE54-9A1E7A4F7556}") = "Domain.Tests", "Core\Domain.Tests\Domain.Tests.csproj", "{8BE0D118-152F-4941-A18A-8746029BE7B2}"
EndProject
Project("{9A19103F-16F7-4668-BE54-9A1E7A4F7556}") = "PublicWebsite", "Website\ContributorWebsite\PublicWebsite.csproj", "{2B39C29D-290D-498E-9FA6-BB85AD60764E}"
EndProject
Project("{9A19103F-16F7-4668-BE54-9A1E7A4F7556}") = "ContributorWebsite.Backend", "Website\ContributorWebsite.Backend\ContributorWebsite.Backend.csproj", "{6A88B51F-1F10-44A6-B26F-E089EA38AD36}"
EndProject
Project("{9A19103F-16F7-4668-BE54-9A1E7A4F7556}") = "PublicWebsite.APIClient", "Website\PublicWebsite.APIClient\PublicWebsite.APIClient.csproj", "{61946E32-D9DC-47C4-A04B-5078DC72C720}"
EndProject
Project("{2150E333-8FDC-42A3-9474-1A3956D46DE8}") = "Services", "Services", "{18AD6B91-B9DC-4455-AF0D-B64A5B4E6C25}"
EndProject
Project("{2150E333-8FDC-42A3-9474-1A3956D46DE8}") = "PackagesService", "PackagesService", "{E7425081-5338-4A60-BB13-A73F4527D4A9}"
EndProject
Project("{9A19103F-16F7-4668-BE54-9A1E7A4F7556}") = "PackagesService.DAL", "Services\PackagesService\PackagesService.DAL\PackagesService.DAL.csproj", "{65893837-D393-4150-9313-A62DC82437A9}"
EndProject
Project("{9A19103F-16F7-4668-BE54-9A1E7A4F7556}") = "PackagesService.Tests", "Services\PackagesService\PackagesService.Tests\PackagesService.Tests.csproj", "{F351942E-685E-411E-803A-F97C90466953}"
EndProject
Project("{9A19103F-16F7-4668-BE54-9A1E7A4F7556}") = "PackagesService.Domain", "Services\PackagesService\PackagesService.Domain\PackagesService.Domain\PackagesService.Domain.csproj", "{3428F7D2-3F60-46DA-8604-AC75816AB17D}"
EndProject
Project("{FAE04EC0-301F-11D3-BF4B-00C04F79EFBC}") = "PackagesService.API.Client", "Services\PackagesService\PackagesService.API.Client\PackagesService.API.Client.csproj", "{448770B4-ACE2-4F24-BC5A-6B55D196A5BE}"
EndProject
Project("{FAE04EC0-301F-11D3-BF4B-00C04F79EFBC}") = "PackagesService.API.Client.Tests", "Services\PackagesService\PackagesService.API.Client.Tests\PackagesService.API.Client.Tests.csproj", "{52B4FCB1-7CAC-48C6-9A06-3C893C700A4D}"
EndProject
Project("{9A19103F-16F7-4668-BE54-9A1E7A4F7556}") = "PackagesService.API.WebAPI", "Services\PackagesService\PackagesService.API.WebAPI\PackagesService.API.WebAPI.csproj", "{95F3B4A1-6EF4-404E-90B8-F249DB3DBDC6}"
EndProject
Global
	GlobalSection(SolutionConfigurationPlatforms) = preSolution
		Debug|Any CPU = Debug|Any CPU
		Release|Any CPU = Release|Any CPU
	EndGlobalSection
	GlobalSection(ProjectConfigurationPlatforms) = postSolution
		{3BE9A8C7-BB41-4432-96A6-259C299BEFAB}.Debug|Any CPU.ActiveCfg = Debug|Any CPU
		{3BE9A8C7-BB41-4432-96A6-259C299BEFAB}.Debug|Any CPU.Build.0 = Debug|Any CPU
		{3BE9A8C7-BB41-4432-96A6-259C299BEFAB}.Release|Any CPU.ActiveCfg = Release|Any CPU
		{3BE9A8C7-BB41-4432-96A6-259C299BEFAB}.Release|Any CPU.Build.0 = Release|Any CPU
		{CC6BAA84-9799-4342-89DA-09EDAC97CAA1}.Debug|Any CPU.ActiveCfg = Debug|Any CPU
		{CC6BAA84-9799-4342-89DA-09EDAC97CAA1}.Debug|Any CPU.Build.0 = Debug|Any CPU
		{CC6BAA84-9799-4342-89DA-09EDAC97CAA1}.Release|Any CPU.ActiveCfg = Release|Any CPU
		{CC6BAA84-9799-4342-89DA-09EDAC97CAA1}.Release|Any CPU.Build.0 = Release|Any CPU
		{D8825A69-F099-4F57-ADC3-84B9AF760F99}.Debug|Any CPU.ActiveCfg = Debug|Any CPU
		{D8825A69-F099-4F57-ADC3-84B9AF760F99}.Debug|Any CPU.Build.0 = Debug|Any CPU
		{D8825A69-F099-4F57-ADC3-84B9AF760F99}.Release|Any CPU.ActiveCfg = Release|Any CPU
		{D8825A69-F099-4F57-ADC3-84B9AF760F99}.Release|Any CPU.Build.0 = Release|Any CPU
		{9F361BE5-4963-4E49-B823-CFCF89F90806}.Debug|Any CPU.ActiveCfg = Debug|Any CPU
		{9F361BE5-4963-4E49-B823-CFCF89F90806}.Debug|Any CPU.Build.0 = Debug|Any CPU
		{9F361BE5-4963-4E49-B823-CFCF89F90806}.Release|Any CPU.ActiveCfg = Release|Any CPU
		{9F361BE5-4963-4E49-B823-CFCF89F90806}.Release|Any CPU.Build.0 = Release|Any CPU
		{F04B848D-9A6A-4708-B133-1BC1032BC73A}.Debug|Any CPU.ActiveCfg = Debug|Any CPU
		{F04B848D-9A6A-4708-B133-1BC1032BC73A}.Debug|Any CPU.Build.0 = Debug|Any CPU
		{F04B848D-9A6A-4708-B133-1BC1032BC73A}.Release|Any CPU.ActiveCfg = Release|Any CPU
		{F04B848D-9A6A-4708-B133-1BC1032BC73A}.Release|Any CPU.Build.0 = Release|Any CPU
		{CC342870-1777-4401-9A89-15C69DCA2167}.Debug|Any CPU.ActiveCfg = Debug|Any CPU
		{CC342870-1777-4401-9A89-15C69DCA2167}.Debug|Any CPU.Build.0 = Debug|Any CPU
		{CC342870-1777-4401-9A89-15C69DCA2167}.Debug|Any CPU.Deploy.0 = Debug|Any CPU
		{CC342870-1777-4401-9A89-15C69DCA2167}.Release|Any CPU.ActiveCfg = Release|Any CPU
		{CC342870-1777-4401-9A89-15C69DCA2167}.Release|Any CPU.Build.0 = Release|Any CPU
		{CC342870-1777-4401-9A89-15C69DCA2167}.Release|Any CPU.Deploy.0 = Release|Any CPU
		{8BE0D118-152F-4941-A18A-8746029BE7B2}.Debug|Any CPU.ActiveCfg = Debug|Any CPU
		{8BE0D118-152F-4941-A18A-8746029BE7B2}.Debug|Any CPU.Build.0 = Debug|Any CPU
		{8BE0D118-152F-4941-A18A-8746029BE7B2}.Release|Any CPU.ActiveCfg = Release|Any CPU
		{8BE0D118-152F-4941-A18A-8746029BE7B2}.Release|Any CPU.Build.0 = Release|Any CPU
		{2B39C29D-290D-498E-9FA6-BB85AD60764E}.Debug|Any CPU.ActiveCfg = Debug|Any CPU
		{2B39C29D-290D-498E-9FA6-BB85AD60764E}.Debug|Any CPU.Build.0 = Debug|Any CPU
		{2B39C29D-290D-498E-9FA6-BB85AD60764E}.Release|Any CPU.ActiveCfg = Release|Any CPU
		{2B39C29D-290D-498E-9FA6-BB85AD60764E}.Release|Any CPU.Build.0 = Release|Any CPU
		{6A88B51F-1F10-44A6-B26F-E089EA38AD36}.Debug|Any CPU.ActiveCfg = Debug|Any CPU
		{6A88B51F-1F10-44A6-B26F-E089EA38AD36}.Debug|Any CPU.Build.0 = Debug|Any CPU
		{6A88B51F-1F10-44A6-B26F-E089EA38AD36}.Release|Any CPU.ActiveCfg = Release|Any CPU
		{6A88B51F-1F10-44A6-B26F-E089EA38AD36}.Release|Any CPU.Build.0 = Release|Any CPU
		{61946E32-D9DC-47C4-A04B-5078DC72C720}.Debug|Any CPU.ActiveCfg = Debug|Any CPU
		{61946E32-D9DC-47C4-A04B-5078DC72C720}.Debug|Any CPU.Build.0 = Debug|Any CPU
		{61946E32-D9DC-47C4-A04B-5078DC72C720}.Release|Any CPU.ActiveCfg = Release|Any CPU
		{61946E32-D9DC-47C4-A04B-5078DC72C720}.Release|Any CPU.Build.0 = Release|Any CPU
		{65893837-D393-4150-9313-A62DC82437A9}.Debug|Any CPU.ActiveCfg = Debug|Any CPU
		{65893837-D393-4150-9313-A62DC82437A9}.Debug|Any CPU.Build.0 = Debug|Any CPU
		{65893837-D393-4150-9313-A62DC82437A9}.Release|Any CPU.ActiveCfg = Release|Any CPU
		{65893837-D393-4150-9313-A62DC82437A9}.Release|Any CPU.Build.0 = Release|Any CPU
		{F351942E-685E-411E-803A-F97C90466953}.Debug|Any CPU.ActiveCfg = Debug|Any CPU
		{F351942E-685E-411E-803A-F97C90466953}.Debug|Any CPU.Build.0 = Debug|Any CPU
		{F351942E-685E-411E-803A-F97C90466953}.Release|Any CPU.ActiveCfg = Release|Any CPU
		{F351942E-685E-411E-803A-F97C90466953}.Release|Any CPU.Build.0 = Release|Any CPU
		{3428F7D2-3F60-46DA-8604-AC75816AB17D}.Debug|Any CPU.ActiveCfg = Debug|Any CPU
		{3428F7D2-3F60-46DA-8604-AC75816AB17D}.Debug|Any CPU.Build.0 = Debug|Any CPU
		{3428F7D2-3F60-46DA-8604-AC75816AB17D}.Release|Any CPU.ActiveCfg = Release|Any CPU
		{3428F7D2-3F60-46DA-8604-AC75816AB17D}.Release|Any CPU.Build.0 = Release|Any CPU
		{448770B4-ACE2-4F24-BC5A-6B55D196A5BE}.Debug|Any CPU.ActiveCfg = Debug|Any CPU
		{448770B4-ACE2-4F24-BC5A-6B55D196A5BE}.Debug|Any CPU.Build.0 = Debug|Any CPU
		{448770B4-ACE2-4F24-BC5A-6B55D196A5BE}.Release|Any CPU.ActiveCfg = Release|Any CPU
		{448770B4-ACE2-4F24-BC5A-6B55D196A5BE}.Release|Any CPU.Build.0 = Release|Any CPU
		{52B4FCB1-7CAC-48C6-9A06-3C893C700A4D}.Debug|Any CPU.ActiveCfg = Debug|Any CPU
		{52B4FCB1-7CAC-48C6-9A06-3C893C700A4D}.Debug|Any CPU.Build.0 = Debug|Any CPU
		{52B4FCB1-7CAC-48C6-9A06-3C893C700A4D}.Release|Any CPU.ActiveCfg = Release|Any CPU
		{52B4FCB1-7CAC-48C6-9A06-3C893C700A4D}.Release|Any CPU.Build.0 = Release|Any CPU
		{95F3B4A1-6EF4-404E-90B8-F249DB3DBDC6}.Debug|Any CPU.ActiveCfg = Debug|Any CPU
		{95F3B4A1-6EF4-404E-90B8-F249DB3DBDC6}.Debug|Any CPU.Build.0 = Debug|Any CPU
		{95F3B4A1-6EF4-404E-90B8-F249DB3DBDC6}.Release|Any CPU.ActiveCfg = Release|Any CPU
		{95F3B4A1-6EF4-404E-90B8-F249DB3DBDC6}.Release|Any CPU.Build.0 = Release|Any CPU
	EndGlobalSection
	GlobalSection(SolutionProperties) = preSolution
		HideSolutionNode = FALSE
	EndGlobalSection
	GlobalSection(NestedProjects) = preSolution
		{B5192EA4-C7BA-4863-A6F5-3566D6F57620} = {6FB0859C-0BC6-4B1F-A9B0-80F6877590E8}
		{3BE9A8C7-BB41-4432-96A6-259C299BEFAB} = {B5192EA4-C7BA-4863-A6F5-3566D6F57620}
		{CC6BAA84-9799-4342-89DA-09EDAC97CAA1} = {6FB0859C-0BC6-4B1F-A9B0-80F6877590E8}
		{D8825A69-F099-4F57-ADC3-84B9AF760F99} = {B5288DF3-2881-46AD-A18C-1EB620BCCFA6}
		{9F361BE5-4963-4E49-B823-CFCF89F90806} = {B5288DF3-2881-46AD-A18C-1EB620BCCFA6}
		{F04B848D-9A6A-4708-B133-1BC1032BC73A} = {EEF5DDF2-3C2C-4C12-A8D5-C73EFC6113E9}
		{CC342870-1777-4401-9A89-15C69DCA2167} = {99C98EF8-E5BA-4A9B-B338-3BC40806C208}
		{8BE0D118-152F-4941-A18A-8746029BE7B2} = {B5288DF3-2881-46AD-A18C-1EB620BCCFA6}
		{2B39C29D-290D-498E-9FA6-BB85AD60764E} = {EEF5DDF2-3C2C-4C12-A8D5-C73EFC6113E9}
		{6A88B51F-1F10-44A6-B26F-E089EA38AD36} = {EEF5DDF2-3C2C-4C12-A8D5-C73EFC6113E9}
		{61946E32-D9DC-47C4-A04B-5078DC72C720} = {EEF5DDF2-3C2C-4C12-A8D5-C73EFC6113E9}
		{E7425081-5338-4A60-BB13-A73F4527D4A9} = {18AD6B91-B9DC-4455-AF0D-B64A5B4E6C25}
		{65893837-D393-4150-9313-A62DC82437A9} = {E7425081-5338-4A60-BB13-A73F4527D4A9}
		{F351942E-685E-411E-803A-F97C90466953} = {E7425081-5338-4A60-BB13-A73F4527D4A9}
		{3428F7D2-3F60-46DA-8604-AC75816AB17D} = {E7425081-5338-4A60-BB13-A73F4527D4A9}
		{448770B4-ACE2-4F24-BC5A-6B55D196A5BE} = {E7425081-5338-4A60-BB13-A73F4527D4A9}
		{52B4FCB1-7CAC-48C6-9A06-3C893C700A4D} = {E7425081-5338-4A60-BB13-A73F4527D4A9}
		{95F3B4A1-6EF4-404E-90B8-F249DB3DBDC6} = {E7425081-5338-4A60-BB13-A73F4527D4A9}
	EndGlobalSection
	GlobalSection(ExtensibilityGlobals) = postSolution
		SolutionGuid = {B97BB62A-0F9D-449B-91A8-A52D9582099A}
	EndGlobalSection
EndGlobal
